
Microsoft Visual Studio Solution File, Format Version 12.00
# Visual Studio Version 16
VisualStudioVersion = 16.0.30907.101
MinimumVisualStudioVersion = 10.0.40219.1
Project("{FAE04EC0-301F-11D3-BF4B-00C04F79EFBC}") = "ConsoleUI", "ConsoleUI\ConsoleUI.csproj", "{A03E75AA-7591-46AD-994E-7D55AB2FE0D0}"
EndProject
Project("{FAE04EC0-301F-11D3-BF4B-00C04F79EFBC}") = "Business", "Business\Business.csproj", "{8385D93F-7F05-44BC-931F-50E5D8D5AEAC}"
EndProject
Project("{FAE04EC0-301F-11D3-BF4B-00C04F79EFBC}") = "DataAccess", "DataAccess\DataAccess.csproj", "{6D40590C-AC51-4B1A-BFFD-4B2B791AC5C5}"
EndProject
Project("{FAE04EC0-301F-11D3-BF4B-00C04F79EFBC}") = "Entities", "Entities\Entities.csproj", "{6C520162-7A07-4886-8D9E-304A9773D9C1}"
EndProject
Global
	GlobalSection(SolutionConfigurationPlatforms) = preSolution
		Debug|Any CPU = Debug|Any CPU
		Release|Any CPU = Release|Any CPU
	EndGlobalSection
	GlobalSection(ProjectConfigurationPlatforms) = postSolution
		{A03E75AA-7591-46AD-994E-7D55AB2FE0D0}.Debug|Any CPU.ActiveCfg = Debug|Any CPU
		{A03E75AA-7591-46AD-994E-7D55AB2FE0D0}.Debug|Any CPU.Build.0 = Debug|Any CPU
		{A03E75AA-7591-46AD-994E-7D55AB2FE0D0}.Release|Any CPU.ActiveCfg = Release|Any CPU
		{A03E75AA-7591-46AD-994E-7D55AB2FE0D0}.Release|Any CPU.Build.0 = Release|Any CPU
		{8385D93F-7F05-44BC-931F-50E5D8D5AEAC}.Debug|Any CPU.ActiveCfg = Debug|Any CPU
		{8385D93F-7F05-44BC-931F-50E5D8D5AEAC}.Debug|Any CPU.Build.0 = Debug|Any CPU
		{8385D93F-7F05-44BC-931F-50E5D8D5AEAC}.Release|Any CPU.ActiveCfg = Release|Any CPU
		{8385D93F-7F05-44BC-931F-50E5D8D5AEAC}.Release|Any CPU.Build.0 = Release|Any CPU
		{6D40590C-AC51-4B1A-BFFD-4B2B791AC5C5}.Debug|Any CPU.ActiveCfg = Debug|Any CPU
		{6D40590C-AC51-4B1A-BFFD-4B2B791AC5C5}.Debug|Any CPU.Build.0 = Debug|Any CPU
		{6D40590C-AC51-4B1A-BFFD-4B2B791AC5C5}.Release|Any CPU.ActiveCfg = Release|Any CPU
		{6D40590C-AC51-4B1A-BFFD-4B2B791AC5C5}.Release|Any CPU.Build.0 = Release|Any CPU
		{6C520162-7A07-4886-8D9E-304A9773D9C1}.Debug|Any CPU.ActiveCfg = Debug|Any CPU
		{6C520162-7A07-4886-8D9E-304A9773D9C1}.Debug|Any CPU.Build.0 = Debug|Any CPU
		{6C520162-7A07-4886-8D9E-304A9773D9C1}.Release|Any CPU.ActiveCfg = Release|Any CPU
		{6C520162-7A07-4886-8D9E-304A9773D9C1}.Release|Any CPU.Build.0 = Release|Any CPU
	EndGlobalSection
	GlobalSection(SolutionProperties) = preSolution
		HideSolutionNode = FALSE
	EndGlobalSection
	GlobalSection(ExtensibilityGlobals) = postSolution
		SolutionGuid = {A8D322A3-0EE0-4D51-88F0-87655CB19C33}
	EndGlobalSection
EndGlobal
